
Microsoft Visual Studio Solution File, Format Version 12.00
# Visual Studio Version 16
VisualStudioVersion = 16.0.30621.155
MinimumVisualStudioVersion = 10.0.40219.1
Project("{9A19103F-16F7-4668-BE54-9A1E7A4F7556}") = "Api-MongoDB", "Api-MongoDB.csproj", "{DF1B660F-C014-40C7-BDA6-E1566FE420E9}"
EndProject
Global
	GlobalSection(SolutionConfigurationPlatforms) = preSolution
		Debug|Any CPU = Debug|Any CPU
		Release|Any CPU = Release|Any CPU
	EndGlobalSection
	GlobalSection(ProjectConfigurationPlatforms) = postSolution
		{DF1B660F-C014-40C7-BDA6-E1566FE420E9}.Debug|Any CPU.ActiveCfg = Debug|Any CPU
		{DF1B660F-C014-40C7-BDA6-E1566FE420E9}.Debug|Any CPU.Build.0 = Debug|Any CPU
		{DF1B660F-C014-40C7-BDA6-E1566FE420E9}.Release|Any CPU.ActiveCfg = Release|Any CPU
		{DF1B660F-C014-40C7-BDA6-E1566FE420E9}.Release|Any CPU.Build.0 = Release|Any CPU
	EndGlobalSection
	GlobalSection(SolutionProperties) = preSolution
		HideSolutionNode = FALSE
	EndGlobalSection
	GlobalSection(ExtensibilityGlobals) = postSolution
		SolutionGuid = {B1E5190D-C176-4456-B610-972028F4DD04}
	EndGlobalSection
EndGlobal
